// !$*UTF8*$!
{
	archiveVersion = 1;
	classes = {
	};
	objectVersion = 51;
	objects = {

/* Begin PBXBuildFile section */
		3C22B82B50EA00D7D3077EDD /* Pods_BPT_Tracker.framework in Frameworks */ = {isa = PBXBuildFile; fileRef = C651017F5E286FD367AE4D49 /* Pods_BPT_Tracker.framework */; };
		B41EEE3E22BFD82400E2755C /* IntroView.swift in Sources */ = {isa = PBXBuildFile; fileRef = B41EEE3D22BFD82400E2755C /* IntroView.swift */; };
		B42BD84C22BBA5AC0036E7D3 /* Data.swift in Sources */ = {isa = PBXBuildFile; fileRef = B42BD84B22BBA5AC0036E7D3 /* Data.swift */; };
		B470A60322BA4A0500872D82 /* MeasurementRow.swift in Sources */ = {isa = PBXBuildFile; fileRef = B470A60222BA4A0500872D82 /* MeasurementRow.swift */; };
		B470A60522BA4A6A00872D82 /* Measurement.swift in Sources */ = {isa = PBXBuildFile; fileRef = B470A60422BA4A6A00872D82 /* Measurement.swift */; };
		B470A60722BA515C00872D82 /* Graph.swift in Sources */ = {isa = PBXBuildFile; fileRef = B470A60622BA515C00872D82 /* Graph.swift */; };
		B470A60922BA9ABE00872D82 /* PreferencesView.swift in Sources */ = {isa = PBXBuildFile; fileRef = B470A60822BA9ABE00872D82 /* PreferencesView.swift */; };
		B472A88122BF57F000C5A32D /* NotificationHelper.swift in Sources */ = {isa = PBXBuildFile; fileRef = B472A88022BF57F000C5A32D /* NotificationHelper.swift */; };
		B472A88322BF7A2700C5A32D /* DataManager.swift in Sources */ = {isa = PBXBuildFile; fileRef = B472A88222BF7A2700C5A32D /* DataManager.swift */; };
		B47EC68C22BA214A0035C45C /* AppDelegate.swift in Sources */ = {isa = PBXBuildFile; fileRef = B47EC68B22BA214A0035C45C /* AppDelegate.swift */; };
		B47EC68E22BA214A0035C45C /* SceneDelegate.swift in Sources */ = {isa = PBXBuildFile; fileRef = B47EC68D22BA214A0035C45C /* SceneDelegate.swift */; };
		B47EC69022BA214A0035C45C /* ContentView.swift in Sources */ = {isa = PBXBuildFile; fileRef = B47EC68F22BA214A0035C45C /* ContentView.swift */; };
		B47EC69222BA214F0035C45C /* Assets.xcassets in Resources */ = {isa = PBXBuildFile; fileRef = B47EC69122BA214F0035C45C /* Assets.xcassets */; };
		B47EC69522BA214F0035C45C /* Preview Assets.xcassets in Resources */ = {isa = PBXBuildFile; fileRef = B47EC69422BA214F0035C45C /* Preview Assets.xcassets */; };
		B47EC69822BA214F0035C45C /* LaunchScreen.storyboard in Resources */ = {isa = PBXBuildFile; fileRef = B47EC69622BA214F0035C45C /* LaunchScreen.storyboard */; };
		B4F4BE4422BE05C6004AA49B /* TestView.swift in Sources */ = {isa = PBXBuildFile; fileRef = B4F4BE4322BE05C6004AA49B /* TestView.swift */; };
/* End PBXBuildFile section */

/* Begin PBXFileReference section */
		534D318428AFC6395FAAD4DC /* Pods-BPT Tracker.debug.xcconfig */ = {isa = PBXFileReference; includeInIndex = 1; lastKnownFileType = text.xcconfig; name = "Pods-BPT Tracker.debug.xcconfig"; path = "Target Support Files/Pods-BPT Tracker/Pods-BPT Tracker.debug.xcconfig"; sourceTree = "<group>"; };
		8DADF75F6A1F3F852B27D9C7 /* Pods-BPT Tracker.release.xcconfig */ = {isa = PBXFileReference; includeInIndex = 1; lastKnownFileType = text.xcconfig; name = "Pods-BPT Tracker.release.xcconfig"; path = "Target Support Files/Pods-BPT Tracker/Pods-BPT Tracker.release.xcconfig"; sourceTree = "<group>"; };
		B41EEE3D22BFD82400E2755C /* IntroView.swift */ = {isa = PBXFileReference; lastKnownFileType = sourcecode.swift; path = IntroView.swift; sourceTree = "<group>"; };
		B42BD84B22BBA5AC0036E7D3 /* Data.swift */ = {isa = PBXFileReference; lastKnownFileType = sourcecode.swift; path = Data.swift; sourceTree = "<group>"; };
		B470A60222BA4A0500872D82 /* MeasurementRow.swift */ = {isa = PBXFileReference; lastKnownFileType = sourcecode.swift; path = MeasurementRow.swift; sourceTree = "<group>"; };
		B470A60422BA4A6A00872D82 /* Measurement.swift */ = {isa = PBXFileReference; lastKnownFileType = sourcecode.swift; path = Measurement.swift; sourceTree = "<group>"; };
		B470A60622BA515C00872D82 /* Graph.swift */ = {isa = PBXFileReference; lastKnownFileType = sourcecode.swift; path = Graph.swift; sourceTree = "<group>"; };
		B470A60822BA9ABE00872D82 /* PreferencesView.swift */ = {isa = PBXFileReference; lastKnownFileType = sourcecode.swift; path = PreferencesView.swift; sourceTree = "<group>"; };
		B472A88022BF57F000C5A32D /* NotificationHelper.swift */ = {isa = PBXFileReference; lastKnownFileType = sourcecode.swift; path = NotificationHelper.swift; sourceTree = "<group>"; };
		B472A88222BF7A2700C5A32D /* DataManager.swift */ = {isa = PBXFileReference; lastKnownFileType = sourcecode.swift; path = DataManager.swift; sourceTree = "<group>"; };
		B47EC68822BA214A0035C45C /* BPT Tracker.app */ = {isa = PBXFileReference; explicitFileType = wrapper.application; includeInIndex = 0; path = "BPT Tracker.app"; sourceTree = BUILT_PRODUCTS_DIR; };
		B47EC68B22BA214A0035C45C /* AppDelegate.swift */ = {isa = PBXFileReference; lastKnownFileType = sourcecode.swift; path = AppDelegate.swift; sourceTree = "<group>"; };
		B47EC68D22BA214A0035C45C /* SceneDelegate.swift */ = {isa = PBXFileReference; lastKnownFileType = sourcecode.swift; path = SceneDelegate.swift; sourceTree = "<group>"; };
		B47EC68F22BA214A0035C45C /* ContentView.swift */ = {isa = PBXFileReference; lastKnownFileType = sourcecode.swift; path = ContentView.swift; sourceTree = "<group>"; };
		B47EC69122BA214F0035C45C /* Assets.xcassets */ = {isa = PBXFileReference; lastKnownFileType = folder.assetcatalog; path = Assets.xcassets; sourceTree = "<group>"; };
		B47EC69422BA214F0035C45C /* Preview Assets.xcassets */ = {isa = PBXFileReference; lastKnownFileType = folder.assetcatalog; path = "Preview Assets.xcassets"; sourceTree = "<group>"; };
		B47EC69722BA214F0035C45C /* Base */ = {isa = PBXFileReference; lastKnownFileType = file.storyboard; name = Base; path = Base.lproj/LaunchScreen.storyboard; sourceTree = "<group>"; };
		B47EC69922BA214F0035C45C /* Info.plist */ = {isa = PBXFileReference; lastKnownFileType = text.plist.xml; path = Info.plist; sourceTree = "<group>"; };
		B4F4BE4322BE05C6004AA49B /* TestView.swift */ = {isa = PBXFileReference; lastKnownFileType = sourcecode.swift; path = TestView.swift; sourceTree = "<group>"; };
		C651017F5E286FD367AE4D49 /* Pods_BPT_Tracker.framework */ = {isa = PBXFileReference; explicitFileType = wrapper.framework; includeInIndex = 0; path = Pods_BPT_Tracker.framework; sourceTree = BUILT_PRODUCTS_DIR; };
/* End PBXFileReference section */

/* Begin PBXFrameworksBuildPhase section */
		B47EC68522BA214A0035C45C /* Frameworks */ = {
			isa = PBXFrameworksBuildPhase;
			buildActionMask = 2147483647;
			files = (
				3C22B82B50EA00D7D3077EDD /* Pods_BPT_Tracker.framework in Frameworks */,
			);
			runOnlyForDeploymentPostprocessing = 0;
		};
/* End PBXFrameworksBuildPhase section */

/* Begin PBXGroup section */
		6B1FE72AB7F089F745B20D53 /* Pods */ = {
			isa = PBXGroup;
			children = (
				534D318428AFC6395FAAD4DC /* Pods-BPT Tracker.debug.xcconfig */,
				8DADF75F6A1F3F852B27D9C7 /* Pods-BPT Tracker.release.xcconfig */,
			);
			path = Pods;
			sourceTree = "<group>";
		};
		B47EC67F22BA214A0035C45C = {
			isa = PBXGroup;
			children = (
				B47EC68A22BA214A0035C45C /* BPT Tracker */,
				B47EC68922BA214A0035C45C /* Products */,
				6B1FE72AB7F089F745B20D53 /* Pods */,
				BB626242CD8F7D2C97C9A746 /* Frameworks */,
			);
			sourceTree = "<group>";
		};
		B47EC68922BA214A0035C45C /* Products */ = {
			isa = PBXGroup;
			children = (
				B47EC68822BA214A0035C45C /* BPT Tracker.app */,
			);
			name = Products;
			sourceTree = "<group>";
		};
		B47EC68A22BA214A0035C45C /* BPT Tracker */ = {
			isa = PBXGroup;
			children = (
				B472A88022BF57F000C5A32D /* NotificationHelper.swift */,
				B470A60422BA4A6A00872D82 /* Measurement.swift */,
				B47EC68B22BA214A0035C45C /* AppDelegate.swift */,
				B47EC68D22BA214A0035C45C /* SceneDelegate.swift */,
				B41EEE3D22BFD82400E2755C /* IntroView.swift */,
				B47EC68F22BA214A0035C45C /* ContentView.swift */,
				B47EC69122BA214F0035C45C /* Assets.xcassets */,
				B47EC69622BA214F0035C45C /* LaunchScreen.storyboard */,
				B47EC69922BA214F0035C45C /* Info.plist */,
				B470A60822BA9ABE00872D82 /* PreferencesView.swift */,
				B47EC69322BA214F0035C45C /* Preview Content */,
				B470A60222BA4A0500872D82 /* MeasurementRow.swift */,
				B470A60622BA515C00872D82 /* Graph.swift */,
				B4F4BE4322BE05C6004AA49B /* TestView.swift */,
				B42BD84B22BBA5AC0036E7D3 /* Data.swift */,
				B472A88222BF7A2700C5A32D /* DataManager.swift */,
			);
			path = "BPT Tracker";
			sourceTree = "<group>";
		};
		B47EC69322BA214F0035C45C /* Preview Content */ = {
			isa = PBXGroup;
			children = (
				B47EC69422BA214F0035C45C /* Preview Assets.xcassets */,
			);
			path = "Preview Content";
			sourceTree = "<group>";
		};
		BB626242CD8F7D2C97C9A746 /* Frameworks */ = {
			isa = PBXGroup;
			children = (
				C651017F5E286FD367AE4D49 /* Pods_BPT_Tracker.framework */,
			);
			name = Frameworks;
			sourceTree = "<group>";
		};
/* End PBXGroup section */

/* Begin PBXNativeTarget section */
		B47EC68722BA214A0035C45C /* BPT Tracker */ = {
			isa = PBXNativeTarget;
			buildConfigurationList = B47EC69C22BA214F0035C45C /* Build configuration list for PBXNativeTarget "BPT Tracker" */;
			buildPhases = (
				A31BA1FCFD01AC6E902F434D /* [CP] Check Pods Manifest.lock */,
				B47EC68422BA214A0035C45C /* Sources */,
				B47EC68522BA214A0035C45C /* Frameworks */,
				B47EC68622BA214A0035C45C /* Resources */,
				DB8AAB12C4DEF023A576133A /* [CP] Embed Pods Frameworks */,
			);
			buildRules = (
			);
			dependencies = (
			);
			name = "BPT Tracker";
			productName = "BPT Tracker";
			productReference = B47EC68822BA214A0035C45C /* BPT Tracker.app */;
			productType = "com.apple.product-type.application";
		};
/* End PBXNativeTarget section */

/* Begin PBXProject section */
		B47EC68022BA214A0035C45C /* Project object */ = {
			isa = PBXProject;
			attributes = {
				LastSwiftUpdateCheck = 1100;
				LastUpgradeCheck = 1100;
				ORGANIZATIONNAME = Jakkaps;
				TargetAttributes = {
					B47EC68722BA214A0035C45C = {
						CreatedOnToolsVersion = 11.0;
					};
				};
			};
			buildConfigurationList = B47EC68322BA214A0035C45C /* Build configuration list for PBXProject "BPT Tracker" */;
			compatibilityVersion = "Xcode 9.3";
			developmentRegion = en;
			hasScannedForEncodings = 0;
			knownRegions = (
				en,
				Base,
			);
			mainGroup = B47EC67F22BA214A0035C45C;
			productRefGroup = B47EC68922BA214A0035C45C /* Products */;
			projectDirPath = "";
			projectRoot = "";
			targets = (
				B47EC68722BA214A0035C45C /* BPT Tracker */,
			);
		};
/* End PBXProject section */

/* Begin PBXResourcesBuildPhase section */
		B47EC68622BA214A0035C45C /* Resources */ = {
			isa = PBXResourcesBuildPhase;
			buildActionMask = 2147483647;
			files = (
				B47EC69822BA214F0035C45C /* LaunchScreen.storyboard in Resources */,
				B47EC69522BA214F0035C45C /* Preview Assets.xcassets in Resources */,
				B47EC69222BA214F0035C45C /* Assets.xcassets in Resources */,
			);
			runOnlyForDeploymentPostprocessing = 0;
		};
/* End PBXResourcesBuildPhase section */

/* Begin PBXShellScriptBuildPhase section */
		A31BA1FCFD01AC6E902F434D /* [CP] Check Pods Manifest.lock */ = {
			isa = PBXShellScriptBuildPhase;
			buildActionMask = 2147483647;
			files = (
			);
			inputFileListPaths = (
			);
			inputPaths = (
				"${PODS_PODFILE_DIR_PATH}/Podfile.lock",
				"${PODS_ROOT}/Manifest.lock",
			);
			name = "[CP] Check Pods Manifest.lock";
			outputFileListPaths = (
			);
			outputPaths = (
				"$(DERIVED_FILE_DIR)/Pods-BPT Tracker-checkManifestLockResult.txt",
			);
			runOnlyForDeploymentPostprocessing = 0;
			shellPath = /bin/sh;
			shellScript = "diff \"${PODS_PODFILE_DIR_PATH}/Podfile.lock\" \"${PODS_ROOT}/Manifest.lock\" > /dev/null\nif [ $? != 0 ] ; then\n    # print error to STDERR\n    echo \"error: The sandbox is not in sync with the Podfile.lock. Run 'pod install' or update your CocoaPods installation.\" >&2\n    exit 1\nfi\n# This output is used by Xcode 'outputs' to avoid re-running this script phase.\necho \"SUCCESS\" > \"${SCRIPT_OUTPUT_FILE_0}\"\n";
			showEnvVarsInLog = 0;
		};
		DB8AAB12C4DEF023A576133A /* [CP] Embed Pods Frameworks */ = {
			isa = PBXShellScriptBuildPhase;
			buildActionMask = 2147483647;
			files = (
			);
			inputFileListPaths = (
				"${PODS_ROOT}/Target Support Files/Pods-BPT Tracker/Pods-BPT Tracker-frameworks-${CONFIGURATION}-input-files.xcfilelist",
			);
			name = "[CP] Embed Pods Frameworks";
			outputFileListPaths = (
				"${PODS_ROOT}/Target Support Files/Pods-BPT Tracker/Pods-BPT Tracker-frameworks-${CONFIGURATION}-output-files.xcfilelist",
			);
			runOnlyForDeploymentPostprocessing = 0;
			shellPath = /bin/sh;
			shellScript = "\"${PODS_ROOT}/Target Support Files/Pods-BPT Tracker/Pods-BPT Tracker-frameworks.sh\"\n";
			showEnvVarsInLog = 0;
		};
/* End PBXShellScriptBuildPhase section */

/* Begin PBXSourcesBuildPhase section */
		B47EC68422BA214A0035C45C /* Sources */ = {
			isa = PBXSourcesBuildPhase;
			buildActionMask = 2147483647;
			files = (
				B470A60722BA515C00872D82 /* Graph.swift in Sources */,
				B47EC68C22BA214A0035C45C /* AppDelegate.swift in Sources */,
				B47EC68E22BA214A0035C45C /* SceneDelegate.swift in Sources */,
				B470A60522BA4A6A00872D82 /* Measurement.swift in Sources */,
				B470A60322BA4A0500872D82 /* MeasurementRow.swift in Sources */,
				B41EEE3E22BFD82400E2755C /* IntroView.swift in Sources */,
				B47EC69022BA214A0035C45C /* ContentView.swift in Sources */,
				B472A88122BF57F000C5A32D /* NotificationHelper.swift in Sources */,
				B4F4BE4422BE05C6004AA49B /* TestView.swift in Sources */,
				B472A88322BF7A2700C5A32D /* DataManager.swift in Sources */,
				B470A60922BA9ABE00872D82 /* PreferencesView.swift in Sources */,
				B42BD84C22BBA5AC0036E7D3 /* Data.swift in Sources */,
			);
			runOnlyForDeploymentPostprocessing = 0;
		};
/* End PBXSourcesBuildPhase section */

/* Begin PBXVariantGroup section */
		B47EC69622BA214F0035C45C /* LaunchScreen.storyboard */ = {
			isa = PBXVariantGroup;
			children = (
				B47EC69722BA214F0035C45C /* Base */,
			);
			name = LaunchScreen.storyboard;
			sourceTree = "<group>";
		};
/* End PBXVariantGroup section */

/* Begin XCBuildConfiguration section */
		B47EC69A22BA214F0035C45C /* Debug */ = {
			isa = XCBuildConfiguration;
			buildSettings = {
				ALWAYS_SEARCH_USER_PATHS = NO;
				CLANG_ANALYZER_NONNULL = YES;
				CLANG_ANALYZER_NUMBER_OBJECT_CONVERSION = YES_AGGRESSIVE;
				CLANG_CXX_LANGUAGE_STANDARD = "gnu++14";
				CLANG_CXX_LIBRARY = "libc++";
				CLANG_ENABLE_MODULES = YES;
				CLANG_ENABLE_OBJC_ARC = YES;
				CLANG_ENABLE_OBJC_WEAK = YES;
				CLANG_WARN_BLOCK_CAPTURE_AUTORELEASING = YES;
				CLANG_WARN_BOOL_CONVERSION = YES;
				CLANG_WARN_COMMA = YES;
				CLANG_WARN_CONSTANT_CONVERSION = YES;
				CLANG_WARN_DEPRECATED_OBJC_IMPLEMENTATIONS = YES;
				CLANG_WARN_DIRECT_OBJC_ISA_USAGE = YES_ERROR;
				CLANG_WARN_DOCUMENTATION_COMMENTS = YES;
				CLANG_WARN_EMPTY_BODY = YES;
				CLANG_WARN_ENUM_CONVERSION = YES;
				CLANG_WARN_INFINITE_RECURSION = YES;
				CLANG_WARN_INT_CONVERSION = YES;
				CLANG_WARN_NON_LITERAL_NULL_CONVERSION = YES;
				CLANG_WARN_OBJC_IMPLICIT_RETAIN_SELF = YES;
				CLANG_WARN_OBJC_LITERAL_CONVERSION = YES;
				CLANG_WARN_OBJC_ROOT_CLASS = YES_ERROR;
				CLANG_WARN_RANGE_LOOP_ANALYSIS = YES;
				CLANG_WARN_STRICT_PROTOTYPES = YES;
				CLANG_WARN_SUSPICIOUS_MOVE = YES;
				CLANG_WARN_UNGUARDED_AVAILABILITY = YES_AGGRESSIVE;
				CLANG_WARN_UNREACHABLE_CODE = YES;
				CLANG_WARN__DUPLICATE_METHOD_MATCH = YES;
				COPY_PHASE_STRIP = NO;
				DEBUG_INFORMATION_FORMAT = dwarf;
				ENABLE_STRICT_OBJC_MSGSEND = YES;
				ENABLE_TESTABILITY = YES;
				GCC_C_LANGUAGE_STANDARD = gnu11;
				GCC_DYNAMIC_NO_PIC = NO;
				GCC_NO_COMMON_BLOCKS = YES;
				GCC_OPTIMIZATION_LEVEL = 0;
				GCC_PREPROCESSOR_DEFINITIONS = (
					"DEBUG=1",
					"$(inherited)",
				);
				GCC_WARN_64_TO_32_BIT_CONVERSION = YES;
				GCC_WARN_ABOUT_RETURN_TYPE = YES_ERROR;
				GCC_WARN_UNDECLARED_SELECTOR = YES;
				GCC_WARN_UNINITIALIZED_AUTOS = YES_AGGRESSIVE;
				GCC_WARN_UNUSED_FUNCTION = YES;
				GCC_WARN_UNUSED_VARIABLE = YES;
				IPHONEOS_DEPLOYMENT_TARGET = 13.0;
				MTL_ENABLE_DEBUG_INFO = INCLUDE_SOURCE;
				MTL_FAST_MATH = YES;
				ONLY_ACTIVE_ARCH = YES;
				SDKROOT = iphoneos;
				SWIFT_ACTIVE_COMPILATION_CONDITIONS = DEBUG;
				SWIFT_OPTIMIZATION_LEVEL = "-Onone";
			};
			name = Debug;
		};
		B47EC69B22BA214F0035C45C /* Release */ = {
			isa = XCBuildConfiguration;
			buildSettings = {
				ALWAYS_SEARCH_USER_PATHS = NO;
				CLANG_ANALYZER_NONNULL = YES;
				CLANG_ANALYZER_NUMBER_OBJECT_CONVERSION = YES_AGGRESSIVE;
				CLANG_CXX_LANGUAGE_STANDARD = "gnu++14";
				CLANG_CXX_LIBRARY = "libc++";
				CLANG_ENABLE_MODULES = YES;
				CLANG_ENABLE_OBJC_ARC = YES;
				CLANG_ENABLE_OBJC_WEAK = YES;
				CLANG_WARN_BLOCK_CAPTURE_AUTORELEASING = YES;
				CLANG_WARN_BOOL_CONVERSION = YES;
				CLANG_WARN_COMMA = YES;
				CLANG_WARN_CONSTANT_CONVERSION = YES;
				CLANG_WARN_DEPRECATED_OBJC_IMPLEMENTATIONS = YES;
				CLANG_WARN_DIRECT_OBJC_ISA_USAGE = YES_ERROR;
				CLANG_WARN_DOCUMENTATION_COMMENTS = YES;
				CLANG_WARN_EMPTY_BODY = YES;
				CLANG_WARN_ENUM_CONVERSION = YES;
				CLANG_WARN_INFINITE_RECURSION = YES;
				CLANG_WARN_INT_CONVERSION = YES;
				CLANG_WARN_NON_LITERAL_NULL_CONVERSION = YES;
				CLANG_WARN_OBJC_IMPLICIT_RETAIN_SELF = YES;
				CLANG_WARN_OBJC_LITERAL_CONVERSION = YES;
				CLANG_WARN_OBJC_ROOT_CLASS = YES_ERROR;
				CLANG_WARN_RANGE_LOOP_ANALYSIS = YES;
				CLANG_WARN_STRICT_PROTOTYPES = YES;
				CLANG_WARN_SUSPICIOUS_MOVE = YES;
				CLANG_WARN_UNGUARDED_AVAILABILITY = YES_AGGRESSIVE;
				CLANG_WARN_UNREACHABLE_CODE = YES;
				CLANG_WARN__DUPLICATE_METHOD_MATCH = YES;
				COPY_PHASE_STRIP = NO;
				DEBUG_INFORMATION_FORMAT = "dwarf-with-dsym";
				ENABLE_NS_ASSERTIONS = NO;
				ENABLE_STRICT_OBJC_MSGSEND = YES;
				GCC_C_LANGUAGE_STANDARD = gnu11;
				GCC_NO_COMMON_BLOCKS = YES;
				GCC_WARN_64_TO_32_BIT_CONVERSION = YES;
				GCC_WARN_ABOUT_RETURN_TYPE = YES_ERROR;
				GCC_WARN_UNDECLARED_SELECTOR = YES;
				GCC_WARN_UNINITIALIZED_AUTOS = YES_AGGRESSIVE;
				GCC_WARN_UNUSED_FUNCTION = YES;
				GCC_WARN_UNUSED_VARIABLE = YES;
				IPHONEOS_DEPLOYMENT_TARGET = 13.0;
				MTL_ENABLE_DEBUG_INFO = NO;
				MTL_FAST_MATH = YES;
				SDKROOT = iphoneos;
				SWIFT_COMPILATION_MODE = wholemodule;
				SWIFT_OPTIMIZATION_LEVEL = "-O";
				VALIDATE_PRODUCT = YES;
			};
			name = Release;
		};
		B47EC69D22BA214F0035C45C /* Debug */ = {
			isa = XCBuildConfiguration;
			baseConfigurationReference = 534D318428AFC6395FAAD4DC /* Pods-BPT Tracker.debug.xcconfig */;
			buildSettings = {
				ASSETCATALOG_COMPILER_APPICON_NAME = AppIcon;
				CODE_SIGN_STYLE = Automatic;
				DEVELOPMENT_ASSET_PATHS = "\"BPT Tracker\"/Preview\\ Content";
				DEVELOPMENT_TEAM = KY9ZNYJDA8;
				ENABLE_PREVIEWS = YES;
				INFOPLIST_FILE = "BPT Tracker/Info.plist";
				LD_RUNPATH_SEARCH_PATHS = (
					"$(inherited)",
					"@executable_path/Frameworks",
				);
				PRODUCT_BUNDLE_IDENTIFIER = "com.jakkaps.BPT-Tracker";
				PRODUCT_NAME = "$(TARGET_NAME)";
				SWIFT_VERSION = 5.0;
				TARGETED_DEVICE_FAMILY = "1,2";
			};
			name = Debug;
		};
		B47EC69E22BA214F0035C45C /* Release */ = {
			isa = XCBuildConfiguration;
			baseConfigurationReference = 8DADF75F6A1F3F852B27D9C7 /* Pods-BPT Tracker.release.xcconfig */;
			buildSettings = {
				ASSETCATALOG_COMPILER_APPICON_NAME = AppIcon;
				CODE_SIGN_STYLE = Automatic;
				DEVELOPMENT_ASSET_PATHS = "\"BPT Tracker\"/Preview\\ Content";
				DEVELOPMENT_TEAM = KY9ZNYJDA8;
				ENABLE_PREVIEWS = YES;
				INFOPLIST_FILE = "BPT Tracker/Info.plist";
				LD_RUNPATH_SEARCH_PATHS = (
					"$(inherited)",
					"@executable_path/Frameworks",
				);
				PRODUCT_BUNDLE_IDENTIFIER = "com.jakkaps.BPT-Tracker";
				PRODUCT_NAME = "$(TARGET_NAME)";
				SWIFT_VERSION = 5.0;
				TARGETED_DEVICE_FAMILY = "1,2";
			};
			name = Release;
		};
/* End XCBuildConfiguration section */

/* Begin XCConfigurationList section */
		B47EC68322BA214A0035C45C /* Build configuration list for PBXProject "BPT Tracker" */ = {
			isa = XCConfigurationList;
			buildConfigurations = (
				B47EC69A22BA214F0035C45C /* Debug */,
				B47EC69B22BA214F0035C45C /* Release */,
			);
			defaultConfigurationIsVisible = 0;
			defaultConfigurationName = Release;
		};
		B47EC69C22BA214F0035C45C /* Build configuration list for PBXNativeTarget "BPT Tracker" */ = {
			isa = XCConfigurationList;
			buildConfigurations = (
				B47EC69D22BA214F0035C45C /* Debug */,
				B47EC69E22BA214F0035C45C /* Release */,
			);
			defaultConfigurationIsVisible = 0;
			defaultConfigurationName = Release;
		};
/* End XCConfigurationList section */
	};
	rootObject = B47EC68022BA214A0035C45C /* Project object */;
}
